
Microsoft Visual Studio Solution File, Format Version 12.00
# Visual Studio Version 17
VisualStudioVersion = 17.2.32526.322
MinimumVisualStudioVersion = 10.0.40219.1
Project("{9A19103F-16F7-4668-BE54-9A1E7A4F7556}") = "İlkDers", "İlkDers\İlkDers.csproj", "{5CEFF2A3-FE11-47E1-85C3-948D92209148}"
EndProject
Project("{9A19103F-16F7-4668-BE54-9A1E7A4F7556}") = "İkinciDers", "İkinciDers\İkinciDers.csproj", "{D1AA8815-02FC-4903-A314-2A782E0B6439}"
EndProject
Project("{9A19103F-16F7-4668-BE54-9A1E7A4F7556}") = "ÜcüncüDers", "ÜcüncüDers\ÜcüncüDers.csproj", "{7664794D-C4A4-4E93-98B2-3A6C11EEF806}"
EndProject
Project("{9A19103F-16F7-4668-BE54-9A1E7A4F7556}") = "ConvertMethodlari", "ConvertMethodlari\ConvertMethodlari.csproj", "{D9A6D5B1-4672-4684-945E-45970DCC6AD6}"
EndProject
Project("{9A19103F-16F7-4668-BE54-9A1E7A4F7556}") = "DördüncüDers", "DördüncüDers\DördüncüDers.csproj", "{1290A867-0437-4219-AD88-A68C2F26B32E}"
EndProject
Project("{9A19103F-16F7-4668-BE54-9A1E7A4F7556}") = "Methods", "Methods\Methods.csproj", "{8DDB8115-B71D-4D3F-AF7F-1AA8DD850FDB}"
EndProject
Project("{9A19103F-16F7-4668-BE54-9A1E7A4F7556}") = "AltinciDers", "AltinciDers\AltinciDers.csproj", "{8F1A68F4-DD09-4C27-81E2-60909B681634}"
EndProject
Project("{9A19103F-16F7-4668-BE54-9A1E7A4F7556}") = "AltinciDersPratik", "AltinciDersPratik\AltinciDersPratik.csproj", "{B69CA471-FD10-4F04-8844-1ED3C0D7C060}"
EndProject
Project("{9A19103F-16F7-4668-BE54-9A1E7A4F7556}") = "ParamsKeyword", "ParamsKeyword\ParamsKeyword.csproj", "{17BB7861-2CE3-4312-BD6D-51EA17080C74}"
EndProject
Project("{9A19103F-16F7-4668-BE54-9A1E7A4F7556}") = "RecursiveMethods", "RecursiveMethods\RecursiveMethods.csproj", "{09CD3494-0D55-4794-99B6-7F218E3E047D}"
EndProject
Project("{9A19103F-16F7-4668-BE54-9A1E7A4F7556}") = "DoWhileLoop", "DoWhileLoop\DoWhileLoop.csproj", "{4014E987-9578-4FA5-A1A2-CBA7D057921F}"
EndProject
Project("{9A19103F-16F7-4668-BE54-9A1E7A4F7556}") = "BreakContinueKeyword", "BreakContinueKeyword\BreakContinueKeyword.csproj", "{47046741-1169-42D9-8296-58AA813B8EA6}"
EndProject
Project("{9A19103F-16F7-4668-BE54-9A1E7A4F7556}") = "ClassConcept", "ClassConcept\ClassConcept.csproj", "{A0C0B491-74AC-407B-9F7D-1F41BF91915A}"
EndProject
Project("{FAE04EC0-301F-11D3-BF4B-00C04F79EFBC}") = "ClassConstructorNotion", "ClassConstructorNotion\ClassConstructorNotion.csproj", "{52ABF5FE-4380-4F2D-B9E4-A11F910882F5}"
EndProject
Project("{FAE04EC0-301F-11D3-BF4B-00C04F79EFBC}") = "WinFormsApp1_TemelKontroller", "WinFormsApp1_TemelKontroller\WinFormsApp1_TemelKontroller.csproj", "{627E4319-6ADD-43F9-AD7B-784EEC9BC54A}"
EndProject
Global
	GlobalSection(SolutionConfigurationPlatforms) = preSolution
		Debug|Any CPU = Debug|Any CPU
		Release|Any CPU = Release|Any CPU
	EndGlobalSection
	GlobalSection(ProjectConfigurationPlatforms) = postSolution
		{5CEFF2A3-FE11-47E1-85C3-948D92209148}.Debug|Any CPU.ActiveCfg = Debug|Any CPU
		{5CEFF2A3-FE11-47E1-85C3-948D92209148}.Debug|Any CPU.Build.0 = Debug|Any CPU
		{5CEFF2A3-FE11-47E1-85C3-948D92209148}.Release|Any CPU.ActiveCfg = Release|Any CPU
		{5CEFF2A3-FE11-47E1-85C3-948D92209148}.Release|Any CPU.Build.0 = Release|Any CPU
		{D1AA8815-02FC-4903-A314-2A782E0B6439}.Debug|Any CPU.ActiveCfg = Debug|Any CPU
		{D1AA8815-02FC-4903-A314-2A782E0B6439}.Debug|Any CPU.Build.0 = Debug|Any CPU
		{D1AA8815-02FC-4903-A314-2A782E0B6439}.Release|Any CPU.ActiveCfg = Release|Any CPU
		{D1AA8815-02FC-4903-A314-2A782E0B6439}.Release|Any CPU.Build.0 = Release|Any CPU
		{7664794D-C4A4-4E93-98B2-3A6C11EEF806}.Debug|Any CPU.ActiveCfg = Debug|Any CPU
		{7664794D-C4A4-4E93-98B2-3A6C11EEF806}.Debug|Any CPU.Build.0 = Debug|Any CPU
		{7664794D-C4A4-4E93-98B2-3A6C11EEF806}.Release|Any CPU.ActiveCfg = Release|Any CPU
		{7664794D-C4A4-4E93-98B2-3A6C11EEF806}.Release|Any CPU.Build.0 = Release|Any CPU
		{D9A6D5B1-4672-4684-945E-45970DCC6AD6}.Debug|Any CPU.ActiveCfg = Debug|Any CPU
		{D9A6D5B1-4672-4684-945E-45970DCC6AD6}.Debug|Any CPU.Build.0 = Debug|Any CPU
		{D9A6D5B1-4672-4684-945E-45970DCC6AD6}.Release|Any CPU.ActiveCfg = Release|Any CPU
		{D9A6D5B1-4672-4684-945E-45970DCC6AD6}.Release|Any CPU.Build.0 = Release|Any CPU
		{1290A867-0437-4219-AD88-A68C2F26B32E}.Debug|Any CPU.ActiveCfg = Debug|Any CPU
		{1290A867-0437-4219-AD88-A68C2F26B32E}.Debug|Any CPU.Build.0 = Debug|Any CPU
		{1290A867-0437-4219-AD88-A68C2F26B32E}.Release|Any CPU.ActiveCfg = Release|Any CPU
		{1290A867-0437-4219-AD88-A68C2F26B32E}.Release|Any CPU.Build.0 = Release|Any CPU
		{8DDB8115-B71D-4D3F-AF7F-1AA8DD850FDB}.Debug|Any CPU.ActiveCfg = Debug|Any CPU
		{8DDB8115-B71D-4D3F-AF7F-1AA8DD850FDB}.Debug|Any CPU.Build.0 = Debug|Any CPU
		{8DDB8115-B71D-4D3F-AF7F-1AA8DD850FDB}.Release|Any CPU.ActiveCfg = Release|Any CPU
		{8DDB8115-B71D-4D3F-AF7F-1AA8DD850FDB}.Release|Any CPU.Build.0 = Release|Any CPU
		{8F1A68F4-DD09-4C27-81E2-60909B681634}.Debug|Any CPU.ActiveCfg = Debug|Any CPU
		{8F1A68F4-DD09-4C27-81E2-60909B681634}.Debug|Any CPU.Build.0 = Debug|Any CPU
		{8F1A68F4-DD09-4C27-81E2-60909B681634}.Release|Any CPU.ActiveCfg = Release|Any CPU
		{8F1A68F4-DD09-4C27-81E2-60909B681634}.Release|Any CPU.Build.0 = Release|Any CPU
		{B69CA471-FD10-4F04-8844-1ED3C0D7C060}.Debug|Any CPU.ActiveCfg = Debug|Any CPU
		{B69CA471-FD10-4F04-8844-1ED3C0D7C060}.Debug|Any CPU.Build.0 = Debug|Any CPU
		{B69CA471-FD10-4F04-8844-1ED3C0D7C060}.Release|Any CPU.ActiveCfg = Release|Any CPU
		{B69CA471-FD10-4F04-8844-1ED3C0D7C060}.Release|Any CPU.Build.0 = Release|Any CPU
		{17BB7861-2CE3-4312-BD6D-51EA17080C74}.Debug|Any CPU.ActiveCfg = Debug|Any CPU
		{17BB7861-2CE3-4312-BD6D-51EA17080C74}.Debug|Any CPU.Build.0 = Debug|Any CPU
		{17BB7861-2CE3-4312-BD6D-51EA17080C74}.Release|Any CPU.ActiveCfg = Release|Any CPU
		{17BB7861-2CE3-4312-BD6D-51EA17080C74}.Release|Any CPU.Build.0 = Release|Any CPU
		{09CD3494-0D55-4794-99B6-7F218E3E047D}.Debug|Any CPU.ActiveCfg = Debug|Any CPU
		{09CD3494-0D55-4794-99B6-7F218E3E047D}.Debug|Any CPU.Build.0 = Debug|Any CPU
		{09CD3494-0D55-4794-99B6-7F218E3E047D}.Release|Any CPU.ActiveCfg = Release|Any CPU
		{09CD3494-0D55-4794-99B6-7F218E3E047D}.Release|Any CPU.Build.0 = Release|Any CPU
		{4014E987-9578-4FA5-A1A2-CBA7D057921F}.Debug|Any CPU.ActiveCfg = Debug|Any CPU
		{4014E987-9578-4FA5-A1A2-CBA7D057921F}.Debug|Any CPU.Build.0 = Debug|Any CPU
		{4014E987-9578-4FA5-A1A2-CBA7D057921F}.Release|Any CPU.ActiveCfg = Release|Any CPU
		{4014E987-9578-4FA5-A1A2-CBA7D057921F}.Release|Any CPU.Build.0 = Release|Any CPU
		{47046741-1169-42D9-8296-58AA813B8EA6}.Debug|Any CPU.ActiveCfg = Debug|Any CPU
		{47046741-1169-42D9-8296-58AA813B8EA6}.Debug|Any CPU.Build.0 = Debug|Any CPU
		{47046741-1169-42D9-8296-58AA813B8EA6}.Release|Any CPU.ActiveCfg = Release|Any CPU
		{47046741-1169-42D9-8296-58AA813B8EA6}.Release|Any CPU.Build.0 = Release|Any CPU
		{A0C0B491-74AC-407B-9F7D-1F41BF91915A}.Debug|Any CPU.ActiveCfg = Debug|Any CPU
		{A0C0B491-74AC-407B-9F7D-1F41BF91915A}.Debug|Any CPU.Build.0 = Debug|Any CPU
		{A0C0B491-74AC-407B-9F7D-1F41BF91915A}.Release|Any CPU.ActiveCfg = Release|Any CPU
		{A0C0B491-74AC-407B-9F7D-1F41BF91915A}.Release|Any CPU.Build.0 = Release|Any CPU
		{52ABF5FE-4380-4F2D-B9E4-A11F910882F5}.Debug|Any CPU.ActiveCfg = Debug|Any CPU
		{52ABF5FE-4380-4F2D-B9E4-A11F910882F5}.Debug|Any CPU.Build.0 = Debug|Any CPU
		{52ABF5FE-4380-4F2D-B9E4-A11F910882F5}.Release|Any CPU.ActiveCfg = Release|Any CPU
		{52ABF5FE-4380-4F2D-B9E4-A11F910882F5}.Release|Any CPU.Build.0 = Release|Any CPU
		{627E4319-6ADD-43F9-AD7B-784EEC9BC54A}.Debug|Any CPU.ActiveCfg = Debug|Any CPU
		{627E4319-6ADD-43F9-AD7B-784EEC9BC54A}.Debug|Any CPU.Build.0 = Debug|Any CPU
		{627E4319-6ADD-43F9-AD7B-784EEC9BC54A}.Release|Any CPU.ActiveCfg = Release|Any CPU
		{627E4319-6ADD-43F9-AD7B-784EEC9BC54A}.Release|Any CPU.Build.0 = Release|Any CPU
	EndGlobalSection
	GlobalSection(SolutionProperties) = preSolution
		HideSolutionNode = FALSE
	EndGlobalSection
	GlobalSection(ExtensibilityGlobals) = postSolution
		SolutionGuid = {FEECDB76-F0B9-499E-A1BF-3A9C13045DFC}
	EndGlobalSection
EndGlobal
