
Microsoft Visual Studio Solution File, Format Version 12.00
# Visual Studio Version 17
VisualStudioVersion = 17.2.32526.322
MinimumVisualStudioVersion = 10.0.40219.1
Project("{9A19103F-16F7-4668-BE54-9A1E7A4F7556}") = "ConsoleApp1", "ConsoleApp1\ConsoleApp1.csproj", "{AF764606-08CB-44D2-B7D0-5178478E17DC}"
EndProject
Project("{FAE04EC0-301F-11D3-BF4B-00C04F79EFBC}") = "İlkDers", "İlkDers\İlkDers.csproj", "{5CEFF2A3-FE11-47E1-85C3-948D92209148}"
EndProject
Global
	GlobalSection(SolutionConfigurationPlatforms) = preSolution
		Debug|Any CPU = Debug|Any CPU
		Release|Any CPU = Release|Any CPU
	EndGlobalSection
	GlobalSection(ProjectConfigurationPlatforms) = postSolution
		{AF764606-08CB-44D2-B7D0-5178478E17DC}.Debug|Any CPU.ActiveCfg = Debug|Any CPU
		{AF764606-08CB-44D2-B7D0-5178478E17DC}.Debug|Any CPU.Build.0 = Debug|Any CPU
		{AF764606-08CB-44D2-B7D0-5178478E17DC}.Release|Any CPU.ActiveCfg = Release|Any CPU
		{AF764606-08CB-44D2-B7D0-5178478E17DC}.Release|Any CPU.Build.0 = Release|Any CPU
		{5CEFF2A3-FE11-47E1-85C3-948D92209148}.Debug|Any CPU.ActiveCfg = Debug|Any CPU
		{5CEFF2A3-FE11-47E1-85C3-948D92209148}.Debug|Any CPU.Build.0 = Debug|Any CPU
		{5CEFF2A3-FE11-47E1-85C3-948D92209148}.Release|Any CPU.ActiveCfg = Release|Any CPU
		{5CEFF2A3-FE11-47E1-85C3-948D92209148}.Release|Any CPU.Build.0 = Release|Any CPU
	EndGlobalSection
	GlobalSection(SolutionProperties) = preSolution
		HideSolutionNode = FALSE
	EndGlobalSection
	GlobalSection(ExtensibilityGlobals) = postSolution
		SolutionGuid = {FEECDB76-F0B9-499E-A1BF-3A9C13045DFC}
	EndGlobalSection
EndGlobal
